# This file is autogenerated, do not edit; changes may be undone by the next 'dep ensure'.


[[projects]]
  branch = "master"
  name = "github.com/google/logger"
  packages = ["."]
  revision = "54b4ae679a63f6d6fd5c0009b2471e637eabf784"

[[projects]]
  name = "github.com/pkg/errors"
  packages = ["."]
  revision = "645ef00459ed84a119197bfb8d8205042c6df63d"
  version = "v0.8.0"

[[projects]]
  branch = "master"
  name = "github.com/portapps/portapps"
  packages = ["."]
  revision = "e1c8bc5bb189565a1389fe90932aea102d8b6406"

[[projects]]
  branch = "master"
  name = "golang.org/x/sys"
  packages = [
    "windows",
    "windows/registry",
    "windows/svc/eventlog"
  ]
  revision = "1d206c9fa8975fb4cf00df1dc8bf3283dc24ba0e"

[solve-meta]
  analyzer-name = "dep"
  analyzer-version = 1
  inputs-digest = "6c7a78b2bdad75f5fd627d49db4bec2c128c6f1807dc3beae37dce10cd8489a9"
  solver-name = "gps-cdcl"
  solver-version = 1
