# This file is autogenerated, do not edit; changes may be undone by the next 'dep ensure'.


[[projects]]
  branch = "master"
  name = "github.com/google/logger"
  packages = ["."]
  revision = "54b4ae679a63f6d6fd5c0009b2471e637eabf784"

[[projects]]
  name = "github.com/pkg/errors"
  packages = ["."]
  revision = "645ef00459ed84a119197bfb8d8205042c6df63d"
  version = "v0.8.0"

[[projects]]
  branch = "master"
  name = "github.com/portapps/portapps"
  packages = ["."]
  revision = "bf5bbf17cf61733b37cd0593a3a4ceb72f570830"

[[projects]]
  branch = "master"
  name = "golang.org/x/sys"
  packages = [
    "windows",
    "windows/registry",
    "windows/svc/eventlog"
  ]
  revision = "c11f84a56e43e20a78cee75a7c034031ecf57d1f"

[solve-meta]
  analyzer-name = "dep"
  analyzer-version = 1
  inputs-digest = "6c7a78b2bdad75f5fd627d49db4bec2c128c6f1807dc3beae37dce10cd8489a9"
  solver-name = "gps-cdcl"
  solver-version = 1
