# This file is autogenerated, do not edit; changes may be undone by the next 'dep ensure'.


[[projects]]
  branch = "master"
  name = "github.com/google/logger"
  packages = ["."]
  revision = "8fe7758b4c5f42c3df32b77c5c2bc3ccd65ea257"

[[projects]]
  branch = "master"
  name = "github.com/portapps/portapps"
  packages = ["."]
  revision = "43d65ce3116a9105f13ab3c5b2eb0a05bef556c2"

[[projects]]
  branch = "master"
  name = "golang.org/x/sys"
  packages = ["windows","windows/registry","windows/svc/eventlog"]
  revision = "0ac51a24ef1c37380f98ba8b98f56e3bffd59850"

[solve-meta]
  analyzer-name = "dep"
  analyzer-version = 1
  inputs-digest = "6c7a78b2bdad75f5fd627d49db4bec2c128c6f1807dc3beae37dce10cd8489a9"
  solver-name = "gps-cdcl"
  solver-version = 1
